
Microsoft Visual Studio Solution File, Format Version 12.00
# Visual Studio Version 16
VisualStudioVersion = 16.0.30002.166
MinimumVisualStudioVersion = 10.0.40219.1
Project("{9A19103F-16F7-4668-BE54-9A1E7A4F7556}") = "PointOfSales.SalesCenter", "PointOfSales.SalesCenter\PointOfSales.SalesCenter.csproj", "{2854C900-D0FB-4E0F-B000-CE53DBC436BC}"
EndProject
Project("{9A19103F-16F7-4668-BE54-9A1E7A4F7556}") = "PointOfSales.SalesCenter.Application", "PointOfSales.SalesCenter.Application\PointOfSales.SalesCenter.Application.csproj", "{B8240603-BB0D-4BC9-8A8E-BE0BB0E49C0C}"
EndProject
Global
	GlobalSection(SolutionConfigurationPlatforms) = preSolution
		Debug|Any CPU = Debug|Any CPU
		Release|Any CPU = Release|Any CPU
	EndGlobalSection
	GlobalSection(ProjectConfigurationPlatforms) = postSolution
		{2854C900-D0FB-4E0F-B000-CE53DBC436BC}.Debug|Any CPU.ActiveCfg = Debug|Any CPU
		{2854C900-D0FB-4E0F-B000-CE53DBC436BC}.Debug|Any CPU.Build.0 = Debug|Any CPU
		{2854C900-D0FB-4E0F-B000-CE53DBC436BC}.Release|Any CPU.ActiveCfg = Release|Any CPU
		{2854C900-D0FB-4E0F-B000-CE53DBC436BC}.Release|Any CPU.Build.0 = Release|Any CPU
		{B8240603-BB0D-4BC9-8A8E-BE0BB0E49C0C}.Debug|Any CPU.ActiveCfg = Debug|Any CPU
		{B8240603-BB0D-4BC9-8A8E-BE0BB0E49C0C}.Debug|Any CPU.Build.0 = Debug|Any CPU
		{B8240603-BB0D-4BC9-8A8E-BE0BB0E49C0C}.Release|Any CPU.ActiveCfg = Release|Any CPU
		{B8240603-BB0D-4BC9-8A8E-BE0BB0E49C0C}.Release|Any CPU.Build.0 = Release|Any CPU
	EndGlobalSection
	GlobalSection(SolutionProperties) = preSolution
		HideSolutionNode = FALSE
	EndGlobalSection
	GlobalSection(ExtensibilityGlobals) = postSolution
		SolutionGuid = {49652633-4482-444F-9465-2919E39149F6}
	EndGlobalSection
EndGlobal
